
Microsoft Visual Studio Solution File, Format Version 12.00
# Visual Studio 15
VisualStudioVersion = 15.0.28307.572
MinimumVisualStudioVersion = 10.0.40219.1
Project("{FAE04EC0-301F-11D3-BF4B-00C04F79EFBC}") = "KlivenNetworking", "KlivenNetwork\KlivenNetworking.csproj", "{0F3947DD-6C9D-4998-91F1-397D4A76D741}"
EndProject
Project("{FAE04EC0-301F-11D3-BF4B-00C04F79EFBC}") = "TestApplication", "TestApplication\TestApplication.csproj", "{83E49788-8423-4A4E-80CD-72C4424878C7}"
EndProject
Project("{FAE04EC0-301F-11D3-BF4B-00C04F79EFBC}") = "Telepathy", "Telepathy\Telepathy.csproj", "{AF80ABE9-7066-4084-9DE8-DDBDB2C555AF}"
EndProject
Global
	GlobalSection(SolutionConfigurationPlatforms) = preSolution
		Debug|Any CPU = Debug|Any CPU
		Release|Any CPU = Release|Any CPU
	EndGlobalSection
	GlobalSection(ProjectConfigurationPlatforms) = postSolution
		{0F3947DD-6C9D-4998-91F1-397D4A76D741}.Debug|Any CPU.ActiveCfg = Debug|Any CPU
		{0F3947DD-6C9D-4998-91F1-397D4A76D741}.Debug|Any CPU.Build.0 = Debug|Any CPU
		{0F3947DD-6C9D-4998-91F1-397D4A76D741}.Release|Any CPU.ActiveCfg = Release|Any CPU
		{0F3947DD-6C9D-4998-91F1-397D4A76D741}.Release|Any CPU.Build.0 = Release|Any CPU
		{83E49788-8423-4A4E-80CD-72C4424878C7}.Debug|Any CPU.ActiveCfg = Debug|Any CPU
		{83E49788-8423-4A4E-80CD-72C4424878C7}.Debug|Any CPU.Build.0 = Debug|Any CPU
		{83E49788-8423-4A4E-80CD-72C4424878C7}.Release|Any CPU.ActiveCfg = Release|Any CPU
		{83E49788-8423-4A4E-80CD-72C4424878C7}.Release|Any CPU.Build.0 = Release|Any CPU
		{AF80ABE9-7066-4084-9DE8-DDBDB2C555AF}.Debug|Any CPU.ActiveCfg = Debug|Any CPU
		{AF80ABE9-7066-4084-9DE8-DDBDB2C555AF}.Debug|Any CPU.Build.0 = Debug|Any CPU
		{AF80ABE9-7066-4084-9DE8-DDBDB2C555AF}.Release|Any CPU.ActiveCfg = Release|Any CPU
		{AF80ABE9-7066-4084-9DE8-DDBDB2C555AF}.Release|Any CPU.Build.0 = Release|Any CPU
	EndGlobalSection
	GlobalSection(SolutionProperties) = preSolution
		HideSolutionNode = FALSE
	EndGlobalSection
	GlobalSection(ExtensibilityGlobals) = postSolution
		SolutionGuid = {5A7B6A98-7B90-4DAB-851D-DB14BC3ED539}
	EndGlobalSection
EndGlobal
